
Microsoft Visual Studio Solution File, Format Version 12.00
# Visual Studio Version 17
VisualStudioVersion = 17.9.34607.119
MinimumVisualStudioVersion = 10.0.40219.1
Project("{9A19103F-16F7-4668-BE54-9A1E7A4F7556}") = "AutoClicker_V2", "AutoClicker_V2.csproj", "{6758FCCA-A41B-4D15-800F-24EA9B44FCB4}"
EndProject
Global
	GlobalSection(SolutionConfigurationPlatforms) = preSolution
		Debug|Any CPU = Debug|Any CPU
		Debug|x64 = Debug|x64
		Release|Any CPU = Release|Any CPU
		Release|x64 = Release|x64
	EndGlobalSection
	GlobalSection(ProjectConfigurationPlatforms) = postSolution
		{6758FCCA-A41B-4D15-800F-24EA9B44FCB4}.Debug|Any CPU.ActiveCfg = Debug|Any CPU
		{6758FCCA-A41B-4D15-800F-24EA9B44FCB4}.Debug|Any CPU.Build.0 = Debug|Any CPU
		{6758FCCA-A41B-4D15-800F-24EA9B44FCB4}.Debug|x64.ActiveCfg = Debug|x64
		{6758FCCA-A41B-4D15-800F-24EA9B44FCB4}.Debug|x64.Build.0 = Debug|x64
		{6758FCCA-A41B-4D15-800F-24EA9B44FCB4}.Release|Any CPU.ActiveCfg = Release|Any CPU
		{6758FCCA-A41B-4D15-800F-24EA9B44FCB4}.Release|Any CPU.Build.0 = Release|Any CPU
		{6758FCCA-A41B-4D15-800F-24EA9B44FCB4}.Release|x64.ActiveCfg = Release|x64
		{6758FCCA-A41B-4D15-800F-24EA9B44FCB4}.Release|x64.Build.0 = Release|x64
	EndGlobalSection
	GlobalSection(SolutionProperties) = preSolution
		HideSolutionNode = FALSE
	EndGlobalSection
	GlobalSection(ExtensibilityGlobals) = postSolution
		SolutionGuid = {03FACBE7-4076-40DE-B7F6-CFA549925B35}
	EndGlobalSection
EndGlobal
